
Microsoft Visual Studio Solution File, Format Version 12.00
# Visual Studio 15
VisualStudioVersion = 15.0.27428.2037
MinimumVisualStudioVersion = 10.0.40219.1
Project("{FAE04EC0-301F-11D3-BF4B-00C04F79EFBC}") = "SocketPractice", "Sockets\SocketPractice.csproj", "{F466BDFC-1F6A-4C26-B111-C238167C444C}"
EndProject
Project("{FAE04EC0-301F-11D3-BF4B-00C04F79EFBC}") = "SocketPractiveClient", "..\SocketPractiveClient\SocketPractiveClient\SocketPractiveClient.csproj", "{0433A3B8-2E9C-4815-82C9-0AE052AA490C}"
EndProject
Project("{FAE04EC0-301F-11D3-BF4B-00C04F79EFBC}") = "PacketLibrary", "PacketLibrary\PacketLibrary.csproj", "{1E393891-8EC8-415D-AC38-5EA2024AD101}"
EndProject
Global
	GlobalSection(SolutionConfigurationPlatforms) = preSolution
		Debug|Any CPU = Debug|Any CPU
		Release|Any CPU = Release|Any CPU
	EndGlobalSection
	GlobalSection(ProjectConfigurationPlatforms) = postSolution
		{F466BDFC-1F6A-4C26-B111-C238167C444C}.Debug|Any CPU.ActiveCfg = Debug|Any CPU
		{F466BDFC-1F6A-4C26-B111-C238167C444C}.Debug|Any CPU.Build.0 = Debug|Any CPU
		{F466BDFC-1F6A-4C26-B111-C238167C444C}.Release|Any CPU.ActiveCfg = Release|Any CPU
		{F466BDFC-1F6A-4C26-B111-C238167C444C}.Release|Any CPU.Build.0 = Release|Any CPU
		{0433A3B8-2E9C-4815-82C9-0AE052AA490C}.Debug|Any CPU.ActiveCfg = Debug|Any CPU
		{0433A3B8-2E9C-4815-82C9-0AE052AA490C}.Debug|Any CPU.Build.0 = Debug|Any CPU
		{0433A3B8-2E9C-4815-82C9-0AE052AA490C}.Release|Any CPU.ActiveCfg = Release|Any CPU
		{0433A3B8-2E9C-4815-82C9-0AE052AA490C}.Release|Any CPU.Build.0 = Release|Any CPU
		{1E393891-8EC8-415D-AC38-5EA2024AD101}.Debug|Any CPU.ActiveCfg = Debug|Any CPU
		{1E393891-8EC8-415D-AC38-5EA2024AD101}.Debug|Any CPU.Build.0 = Debug|Any CPU
		{1E393891-8EC8-415D-AC38-5EA2024AD101}.Release|Any CPU.ActiveCfg = Release|Any CPU
		{1E393891-8EC8-415D-AC38-5EA2024AD101}.Release|Any CPU.Build.0 = Release|Any CPU
	EndGlobalSection
	GlobalSection(SolutionProperties) = preSolution
		HideSolutionNode = FALSE
	EndGlobalSection
	GlobalSection(ExtensibilityGlobals) = postSolution
		SolutionGuid = {0C0404EA-BF09-4CF2-AF69-90664D9617B1}
	EndGlobalSection
EndGlobal
