
Microsoft Visual Studio Solution File, Format Version 12.00
# Visual Studio 15
VisualStudioVersion = 15.0.27130.0
MinimumVisualStudioVersion = 10.0.40219.1
Project("{FAE04EC0-301F-11D3-BF4B-00C04F79EFBC}") = "WindowsFormsApp3", "WindowsFormsApp3\WindowsFormsApp3.csproj", "{643DAD62-852E-4A90-A8B7-94CAFA70EA1E}"
EndProject
Global
	GlobalSection(SolutionConfigurationPlatforms) = preSolution
		Debug|Any CPU = Debug|Any CPU
		Release|Any CPU = Release|Any CPU
	EndGlobalSection
	GlobalSection(ProjectConfigurationPlatforms) = postSolution
		{643DAD62-852E-4A90-A8B7-94CAFA70EA1E}.Debug|Any CPU.ActiveCfg = Debug|Any CPU
		{643DAD62-852E-4A90-A8B7-94CAFA70EA1E}.Debug|Any CPU.Build.0 = Debug|Any CPU
		{643DAD62-852E-4A90-A8B7-94CAFA70EA1E}.Release|Any CPU.ActiveCfg = Release|Any CPU
		{643DAD62-852E-4A90-A8B7-94CAFA70EA1E}.Release|Any CPU.Build.0 = Release|Any CPU
	EndGlobalSection
	GlobalSection(SolutionProperties) = preSolution
		HideSolutionNode = FALSE
	EndGlobalSection
	GlobalSection(ExtensibilityGlobals) = postSolution
		SolutionGuid = {93BA4E3A-27FC-457F-8F39-41EA4CDD346F}
	EndGlobalSection
EndGlobal
